// !$*UTF8*$!
{
	archiveVersion = 1;
	classes = {
	};
	objectVersion = 55;
	objects = {

/* Begin PBXBuildFile section */
		345307662877D02000218DAD /* AllUsersViewModel.swift in Sources */ = {isa = PBXBuildFile; fileRef = 345307652877D01F00218DAD /* AllUsersViewModel.swift */; };
		345307682877D30500218DAD /* User.swift in Sources */ = {isa = PBXBuildFile; fileRef = 345307672877D30500218DAD /* User.swift */; };
		34859B23284B0778001C42DC /* TabBarView.swift in Sources */ = {isa = PBXBuildFile; fileRef = 34859B22284B0778001C42DC /* TabBarView.swift */; };
		34859B25284B086A001C42DC /* HomeView.swift in Sources */ = {isa = PBXBuildFile; fileRef = 34859B24284B086A001C42DC /* HomeView.swift */; };
		34859B27284B0877001C42DC /* RequestsView.swift in Sources */ = {isa = PBXBuildFile; fileRef = 34859B26284B0877001C42DC /* RequestsView.swift */; };
		34859B29284B0881001C42DC /* MatchedView.swift in Sources */ = {isa = PBXBuildFile; fileRef = 34859B28284B0881001C42DC /* MatchedView.swift */; };
		34859B2B284B088C001C42DC /* MessageView.swift in Sources */ = {isa = PBXBuildFile; fileRef = 34859B2A284B088C001C42DC /* MessageView.swift */; };
		34859B2D284B0E52001C42DC /* UserProfileView.swift in Sources */ = {isa = PBXBuildFile; fileRef = 34859B2C284B0E52001C42DC /* UserProfileView.swift */; };
		3492AECC286FADC3001910B6 /* FirebaseManager.swift in Sources */ = {isa = PBXBuildFile; fileRef = 3492AECB286FADC3001910B6 /* FirebaseManager.swift */; };
		34DCD16B2853269C00BE60AF /* ImagePicker.swift in Sources */ = {isa = PBXBuildFile; fileRef = 34DCD16A2853269C00BE60AF /* ImagePicker.swift */; };
		CD1CDAA728643DF300BEC566 /* ProfileConfirmView.swift in Sources */ = {isa = PBXBuildFile; fileRef = CD1CDAA628643DF300BEC566 /* ProfileConfirmView.swift */; };
		CD26D8EC285D2B2200CA1AA6 /* ProfileView.swift in Sources */ = {isa = PBXBuildFile; fileRef = CD26D8EB285D2B2200CA1AA6 /* ProfileView.swift */; };
		CD26D8EE285D37F800CA1AA6 /* ToggleStyle.swift in Sources */ = {isa = PBXBuildFile; fileRef = CD26D8ED285D37F800CA1AA6 /* ToggleStyle.swift */; };
		CD26D8F0285D3BE500CA1AA6 /* HomeCardView.swift in Sources */ = {isa = PBXBuildFile; fileRef = CD26D8EF285D3BE500CA1AA6 /* HomeCardView.swift */; };
		CD26D8F2285D4F1700CA1AA6 /* MessageCardView.swift in Sources */ = {isa = PBXBuildFile; fileRef = CD26D8F1285D4F1700CA1AA6 /* MessageCardView.swift */; };
		CD37407A2863B6B2005BC18D /* UserProfileEditView.swift in Sources */ = {isa = PBXBuildFile; fileRef = CD3740792863B6B2005BC18D /* UserProfileEditView.swift */; };
		CD3740802863DAF7005BC18D /* InfoPopupView.swift in Sources */ = {isa = PBXBuildFile; fileRef = CD37407F2863DAF7005BC18D /* InfoPopupView.swift */; };
		CD3740822863E344005BC18D /* PopUpView.swift in Sources */ = {isa = PBXBuildFile; fileRef = CD3740812863E344005BC18D /* PopUpView.swift */; };
		CD86B7E3284B6ED70011F078 /* HomeProfileView.swift in Sources */ = {isa = PBXBuildFile; fileRef = CD86B7E2284B6ED70011F078 /* HomeProfileView.swift */; };
		CD8C0A5F2873A6EC00DA5BC8 /* OnBoardingView.swift in Sources */ = {isa = PBXBuildFile; fileRef = CD8C0A5E2873A6EC00DA5BC8 /* OnBoardingView.swift */; };
		CD8C0A612873B85E00DA5BC8 /* MatchedPopupView.swift in Sources */ = {isa = PBXBuildFile; fileRef = CD8C0A602873B85E00DA5BC8 /* MatchedPopupView.swift */; };
		CD8C0A632874174F00DA5BC8 /* EditButtonView.swift in Sources */ = {isa = PBXBuildFile; fileRef = CD8C0A622874174F00DA5BC8 /* EditButtonView.swift */; };
		CD91B08D2880D2350005D1CA /* UserViewModel.swift in Sources */ = {isa = PBXBuildFile; fileRef = CD91B08C2880D2350005D1CA /* UserViewModel.swift */; };
		CD91B0902880D4840005D1CA /* FirebaseAuth in Frameworks */ = {isa = PBXBuildFile; productRef = CD91B08F2880D4840005D1CA /* FirebaseAuth */; };
		CD91B0922880D4840005D1CA /* FirebaseFirestore in Frameworks */ = {isa = PBXBuildFile; productRef = CD91B0912880D4840005D1CA /* FirebaseFirestore */; };
		CD91B0942880D4840005D1CA /* FirebaseFirestoreSwift in Frameworks */ = {isa = PBXBuildFile; productRef = CD91B0932880D4840005D1CA /* FirebaseFirestoreSwift */; };
		CD91B0962880D4840005D1CA /* FirebaseStorage in Frameworks */ = {isa = PBXBuildFile; productRef = CD91B0952880D4840005D1CA /* FirebaseStorage */; };
		CD91B0982880D6190005D1CA /* LinkUsersViewModel.swift in Sources */ = {isa = PBXBuildFile; fileRef = CD91B0972880D6190005D1CA /* LinkUsersViewModel.swift */; };
		CD91B09B288115060005D1CA /* MonthYearWheelPicker in Frameworks */ = {isa = PBXBuildFile; productRef = CD91B09A288115060005D1CA /* MonthYearWheelPicker */; };
		CD91B09F28814D9C0005D1CA /* MultiLineInputView.swift in Sources */ = {isa = PBXBuildFile; fileRef = CD91B09E28814D9C0005D1CA /* MultiLineInputView.swift */; };
		CDD0FF5C284C3EA70045E1E4 /* ButtonCardView.swift in Sources */ = {isa = PBXBuildFile; fileRef = CDD0FF5B284C3EA70045E1E4 /* ButtonCardView.swift */; };
		CDD0FF5E284C84FE0045E1E4 /* CardView.swift in Sources */ = {isa = PBXBuildFile; fileRef = CDD0FF5D284C84FE0045E1E4 /* CardView.swift */; };
		CDD0FF60284C89500045E1E4 /* MessageChatView.swift in Sources */ = {isa = PBXBuildFile; fileRef = CDD0FF5F284C89500045E1E4 /* MessageChatView.swift */; };
		CDE10DE3284BE66C00A71B37 /* RequestsProfileView.swift in Sources */ = {isa = PBXBuildFile; fileRef = CDE10DE2284BE66C00A71B37 /* RequestsProfileView.swift */; };
		CDE10DE5284BE9AB00A71B37 /* MatchedProfileView.swift in Sources */ = {isa = PBXBuildFile; fileRef = CDE10DE4284BE9AB00A71B37 /* MatchedProfileView.swift */; };
		CDF5CFB728829A6B00C65232 /* EditCardView.swift in Sources */ = {isa = PBXBuildFile; fileRef = CDF5CFB628829A6B00C65232 /* EditCardView.swift */; };
		CDF5CFB92882ADC300C65232 /* EditMessageCardView.swift in Sources */ = {isa = PBXBuildFile; fileRef = CDF5CFB82882ADC300C65232 /* EditMessageCardView.swift */; };
		CDFD8FCE2842FF3000E48A68 /* InputFieldView.swift in Sources */ = {isa = PBXBuildFile; fileRef = CDFD8FCD2842FF3000E48A68 /* InputFieldView.swift */; };
		CDFD8FD02843007900E48A68 /* SignUpView.swift in Sources */ = {isa = PBXBuildFile; fileRef = CDFD8FCF2843007900E48A68 /* SignUpView.swift */; };
		CDFD8FD4284300F600E48A68 /* Parallelogram.swift in Sources */ = {isa = PBXBuildFile; fileRef = CDFD8FD3284300F600E48A68 /* Parallelogram.swift */; };
		CDFD8FD72843025700E48A68 /* Charm-Regular.ttf in Resources */ = {isa = PBXBuildFile; fileRef = CDFD8FD62843025700E48A68 /* Charm-Regular.ttf */; };
		CDFD8FDC2843046600E48A68 /* ButtonView_2.swift in Sources */ = {isa = PBXBuildFile; fileRef = CDFD8FDB2843046600E48A68 /* ButtonView_2.swift */; };
		CDFD8FDE2843067A00E48A68 /* LoadingView.swift in Sources */ = {isa = PBXBuildFile; fileRef = CDFD8FDD2843067A00E48A68 /* LoadingView.swift */; };
		CDFD8FE0284306EE00E48A68 /* ProfileInfoView.swift in Sources */ = {isa = PBXBuildFile; fileRef = CDFD8FDF284306EE00E48A68 /* ProfileInfoView.swift */; };
		E402B843286F7C4300EBBABA /* ProfileViewModel.swift in Sources */ = {isa = PBXBuildFile; fileRef = E402B842286F7C4300EBBABA /* ProfileViewModel.swift */; };
		E4365C3A2867874F00DE16A4 /* GoogleService-Info.plist in Resources */ = {isa = PBXBuildFile; fileRef = E4365C392867874F00DE16A4 /* GoogleService-Info.plist */; };
		E4365C3D2867897100DE16A4 /* AppViewModel.swift in Sources */ = {isa = PBXBuildFile; fileRef = E4365C3C2867897100DE16A4 /* AppViewModel.swift */; };
		E46781AB286E8CD500BDAFCA /* ViewExtension.swift in Sources */ = {isa = PBXBuildFile; fileRef = E46781AA286E8CD500BDAFCA /* ViewExtension.swift */; };
		E46781AF286E901000BDAFCA /* LoginValidation.swift in Sources */ = {isa = PBXBuildFile; fileRef = E46781AE286E901000BDAFCA /* LoginValidation.swift */; };
		E46781B1286E901C00BDAFCA /* SignupValidation.swift in Sources */ = {isa = PBXBuildFile; fileRef = E46781B0286E901C00BDAFCA /* SignupValidation.swift */; };
		E46781B4286E922600BDAFCA /* CustomError.swift in Sources */ = {isa = PBXBuildFile; fileRef = E46781B3286E922600BDAFCA /* CustomError.swift */; };
		E46781B6286EA1CB00BDAFCA /* LoginViewModel.swift in Sources */ = {isa = PBXBuildFile; fileRef = E46781B5286EA1CA00BDAFCA /* LoginViewModel.swift */; };
		E46781B8286EA1DA00BDAFCA /* SignupViewModel.swift in Sources */ = {isa = PBXBuildFile; fileRef = E46781B7286EA1DA00BDAFCA /* SignupViewModel.swift */; };
		E4A474BC285D914E006959D9 /* DatePickerView.swift in Sources */ = {isa = PBXBuildFile; fileRef = E4A474BB285D914E006959D9 /* DatePickerView.swift */; };
		E4A474BE285D9177006959D9 /* PasswordView.swift in Sources */ = {isa = PBXBuildFile; fileRef = E4A474BD285D9177006959D9 /* PasswordView.swift */; };
		E4DDE3FC283DC7CE0059CCEC /* LoginView.swift in Sources */ = {isa = PBXBuildFile; fileRef = E4DDE3FB283DC7CE0059CCEC /* LoginView.swift */; };
		E4F30C282837535C006F424E /* UniMentorApp.swift in Sources */ = {isa = PBXBuildFile; fileRef = E4F30C272837535C006F424E /* UniMentorApp.swift */; };
		E4F30C2A2837535C006F424E /* ContentView.swift in Sources */ = {isa = PBXBuildFile; fileRef = E4F30C292837535C006F424E /* ContentView.swift */; };
		E4F30C2C2837535D006F424E /* Assets.xcassets in Resources */ = {isa = PBXBuildFile; fileRef = E4F30C2B2837535D006F424E /* Assets.xcassets */; };
		E4F30C2F2837535D006F424E /* Preview Assets.xcassets in Resources */ = {isa = PBXBuildFile; fileRef = E4F30C2E2837535D006F424E /* Preview Assets.xcassets */; };
/* End PBXBuildFile section */

/* Begin PBXFileReference section */
		345307652877D01F00218DAD /* AllUsersViewModel.swift */ = {isa = PBXFileReference; lastKnownFileType = sourcecode.swift; path = AllUsersViewModel.swift; sourceTree = "<group>"; };
		345307672877D30500218DAD /* User.swift */ = {isa = PBXFileReference; lastKnownFileType = sourcecode.swift; path = User.swift; sourceTree = "<group>"; };
		34859B22284B0778001C42DC /* TabBarView.swift */ = {isa = PBXFileReference; lastKnownFileType = sourcecode.swift; path = TabBarView.swift; sourceTree = "<group>"; };
		34859B24284B086A001C42DC /* HomeView.swift */ = {isa = PBXFileReference; lastKnownFileType = sourcecode.swift; path = HomeView.swift; sourceTree = "<group>"; };
		34859B26284B0877001C42DC /* RequestsView.swift */ = {isa = PBXFileReference; lastKnownFileType = sourcecode.swift; path = RequestsView.swift; sourceTree = "<group>"; };
		34859B28284B0881001C42DC /* MatchedView.swift */ = {isa = PBXFileReference; lastKnownFileType = sourcecode.swift; path = MatchedView.swift; sourceTree = "<group>"; };
		34859B2A284B088C001C42DC /* MessageView.swift */ = {isa = PBXFileReference; lastKnownFileType = sourcecode.swift; path = MessageView.swift; sourceTree = "<group>"; };
		34859B2C284B0E52001C42DC /* UserProfileView.swift */ = {isa = PBXFileReference; lastKnownFileType = sourcecode.swift; path = UserProfileView.swift; sourceTree = "<group>"; };
		3492AECB286FADC3001910B6 /* FirebaseManager.swift */ = {isa = PBXFileReference; lastKnownFileType = sourcecode.swift; path = FirebaseManager.swift; sourceTree = "<group>"; };
		34DCD16A2853269C00BE60AF /* ImagePicker.swift */ = {isa = PBXFileReference; lastKnownFileType = sourcecode.swift; name = ImagePicker.swift; path = UniMentor/view/Components/ImagePicker.swift; sourceTree = SOURCE_ROOT; };
		CD1CDAA628643DF300BEC566 /* ProfileConfirmView.swift */ = {isa = PBXFileReference; lastKnownFileType = sourcecode.swift; path = ProfileConfirmView.swift; sourceTree = "<group>"; };
		CD26D8EB285D2B2200CA1AA6 /* ProfileView.swift */ = {isa = PBXFileReference; lastKnownFileType = sourcecode.swift; path = ProfileView.swift; sourceTree = "<group>"; };
		CD26D8ED285D37F800CA1AA6 /* ToggleStyle.swift */ = {isa = PBXFileReference; lastKnownFileType = sourcecode.swift; path = ToggleStyle.swift; sourceTree = "<group>"; };
		CD26D8EF285D3BE500CA1AA6 /* HomeCardView.swift */ = {isa = PBXFileReference; lastKnownFileType = sourcecode.swift; path = HomeCardView.swift; sourceTree = "<group>"; };
		CD26D8F1285D4F1700CA1AA6 /* MessageCardView.swift */ = {isa = PBXFileReference; lastKnownFileType = sourcecode.swift; path = MessageCardView.swift; sourceTree = "<group>"; };
		CD3740792863B6B2005BC18D /* UserProfileEditView.swift */ = {isa = PBXFileReference; lastKnownFileType = sourcecode.swift; path = UserProfileEditView.swift; sourceTree = "<group>"; };
		CD37407F2863DAF7005BC18D /* InfoPopupView.swift */ = {isa = PBXFileReference; lastKnownFileType = sourcecode.swift; path = InfoPopupView.swift; sourceTree = "<group>"; };
		CD3740812863E344005BC18D /* PopUpView.swift */ = {isa = PBXFileReference; lastKnownFileType = sourcecode.swift; path = PopUpView.swift; sourceTree = "<group>"; };
		CD86B7E2284B6ED70011F078 /* HomeProfileView.swift */ = {isa = PBXFileReference; lastKnownFileType = sourcecode.swift; path = HomeProfileView.swift; sourceTree = "<group>"; };
		CD8C0A5E2873A6EC00DA5BC8 /* OnBoardingView.swift */ = {isa = PBXFileReference; lastKnownFileType = sourcecode.swift; path = OnBoardingView.swift; sourceTree = "<group>"; };
		CD8C0A602873B85E00DA5BC8 /* MatchedPopupView.swift */ = {isa = PBXFileReference; lastKnownFileType = sourcecode.swift; path = MatchedPopupView.swift; sourceTree = "<group>"; };
		CD8C0A622874174F00DA5BC8 /* EditButtonView.swift */ = {isa = PBXFileReference; lastKnownFileType = sourcecode.swift; path = EditButtonView.swift; sourceTree = "<group>"; };
		CD91B08C2880D2350005D1CA /* UserViewModel.swift */ = {isa = PBXFileReference; lastKnownFileType = sourcecode.swift; path = UserViewModel.swift; sourceTree = "<group>"; };
		CD91B0972880D6190005D1CA /* LinkUsersViewModel.swift */ = {isa = PBXFileReference; lastKnownFileType = sourcecode.swift; path = LinkUsersViewModel.swift; sourceTree = "<group>"; };
		CD91B09E28814D9C0005D1CA /* MultiLineInputView.swift */ = {isa = PBXFileReference; lastKnownFileType = sourcecode.swift; path = MultiLineInputView.swift; sourceTree = "<group>"; };
		CDD0FF5B284C3EA70045E1E4 /* ButtonCardView.swift */ = {isa = PBXFileReference; lastKnownFileType = sourcecode.swift; path = ButtonCardView.swift; sourceTree = "<group>"; };
		CDD0FF5D284C84FE0045E1E4 /* CardView.swift */ = {isa = PBXFileReference; lastKnownFileType = sourcecode.swift; path = CardView.swift; sourceTree = "<group>"; };
		CDD0FF5F284C89500045E1E4 /* MessageChatView.swift */ = {isa = PBXFileReference; lastKnownFileType = sourcecode.swift; path = MessageChatView.swift; sourceTree = "<group>"; };
		CDE10DE2284BE66C00A71B37 /* RequestsProfileView.swift */ = {isa = PBXFileReference; lastKnownFileType = sourcecode.swift; path = RequestsProfileView.swift; sourceTree = "<group>"; };
		CDE10DE4284BE9AB00A71B37 /* MatchedProfileView.swift */ = {isa = PBXFileReference; lastKnownFileType = sourcecode.swift; path = MatchedProfileView.swift; sourceTree = "<group>"; };
		CDF5CFB628829A6B00C65232 /* EditCardView.swift */ = {isa = PBXFileReference; lastKnownFileType = sourcecode.swift; path = EditCardView.swift; sourceTree = "<group>"; };
		CDF5CFB82882ADC300C65232 /* EditMessageCardView.swift */ = {isa = PBXFileReference; lastKnownFileType = sourcecode.swift; path = EditMessageCardView.swift; sourceTree = "<group>"; };
		CDFD8FCD2842FF3000E48A68 /* InputFieldView.swift */ = {isa = PBXFileReference; lastKnownFileType = sourcecode.swift; path = InputFieldView.swift; sourceTree = "<group>"; };
		CDFD8FCF2843007900E48A68 /* SignUpView.swift */ = {isa = PBXFileReference; lastKnownFileType = sourcecode.swift; path = SignUpView.swift; sourceTree = "<group>"; };
		CDFD8FD3284300F600E48A68 /* Parallelogram.swift */ = {isa = PBXFileReference; lastKnownFileType = sourcecode.swift; path = Parallelogram.swift; sourceTree = "<group>"; };
		CDFD8FD62843025700E48A68 /* Charm-Regular.ttf */ = {isa = PBXFileReference; lastKnownFileType = file; path = "Charm-Regular.ttf"; sourceTree = "<group>"; };
		CDFD8FD82843026700E48A68 /* Info.plist */ = {isa = PBXFileReference; lastKnownFileType = text.plist.xml; name = Info.plist; path = UniMentor/Utilities/Info.plist; sourceTree = SOURCE_ROOT; };
		CDFD8FDB2843046600E48A68 /* ButtonView_2.swift */ = {isa = PBXFileReference; lastKnownFileType = sourcecode.swift; path = ButtonView_2.swift; sourceTree = "<group>"; };
		CDFD8FDD2843067A00E48A68 /* LoadingView.swift */ = {isa = PBXFileReference; lastKnownFileType = sourcecode.swift; path = LoadingView.swift; sourceTree = "<group>"; };
		CDFD8FDF284306EE00E48A68 /* ProfileInfoView.swift */ = {isa = PBXFileReference; lastKnownFileType = sourcecode.swift; path = ProfileInfoView.swift; sourceTree = "<group>"; };
		E402B842286F7C4300EBBABA /* ProfileViewModel.swift */ = {isa = PBXFileReference; lastKnownFileType = sourcecode.swift; path = ProfileViewModel.swift; sourceTree = "<group>"; };
		E4365C392867874F00DE16A4 /* GoogleService-Info.plist */ = {isa = PBXFileReference; fileEncoding = 4; lastKnownFileType = text.plist.xml; path = "GoogleService-Info.plist"; sourceTree = "<group>"; };
		E4365C3C2867897100DE16A4 /* AppViewModel.swift */ = {isa = PBXFileReference; lastKnownFileType = sourcecode.swift; path = AppViewModel.swift; sourceTree = "<group>"; };
		E46781AA286E8CD500BDAFCA /* ViewExtension.swift */ = {isa = PBXFileReference; lastKnownFileType = sourcecode.swift; path = ViewExtension.swift; sourceTree = "<group>"; };
		E46781AE286E901000BDAFCA /* LoginValidation.swift */ = {isa = PBXFileReference; lastKnownFileType = sourcecode.swift; path = LoginValidation.swift; sourceTree = "<group>"; };
		E46781B0286E901C00BDAFCA /* SignupValidation.swift */ = {isa = PBXFileReference; lastKnownFileType = sourcecode.swift; path = SignupValidation.swift; sourceTree = "<group>"; };
		E46781B3286E922600BDAFCA /* CustomError.swift */ = {isa = PBXFileReference; lastKnownFileType = sourcecode.swift; path = CustomError.swift; sourceTree = "<group>"; };
		E46781B5286EA1CA00BDAFCA /* LoginViewModel.swift */ = {isa = PBXFileReference; lastKnownFileType = sourcecode.swift; path = LoginViewModel.swift; sourceTree = "<group>"; };
		E46781B7286EA1DA00BDAFCA /* SignupViewModel.swift */ = {isa = PBXFileReference; lastKnownFileType = sourcecode.swift; path = SignupViewModel.swift; sourceTree = "<group>"; };
		E4A474BB285D914E006959D9 /* DatePickerView.swift */ = {isa = PBXFileReference; lastKnownFileType = sourcecode.swift; path = DatePickerView.swift; sourceTree = "<group>"; };
		E4A474BD285D9177006959D9 /* PasswordView.swift */ = {isa = PBXFileReference; lastKnownFileType = sourcecode.swift; path = PasswordView.swift; sourceTree = "<group>"; };
		E4DDE3FB283DC7CE0059CCEC /* LoginView.swift */ = {isa = PBXFileReference; lastKnownFileType = sourcecode.swift; path = LoginView.swift; sourceTree = "<group>"; };
		E4F30C242837535C006F424E /* UniMentor.app */ = {isa = PBXFileReference; explicitFileType = wrapper.application; includeInIndex = 0; path = UniMentor.app; sourceTree = BUILT_PRODUCTS_DIR; };
		E4F30C272837535C006F424E /* UniMentorApp.swift */ = {isa = PBXFileReference; lastKnownFileType = sourcecode.swift; path = UniMentorApp.swift; sourceTree = "<group>"; };
		E4F30C292837535C006F424E /* ContentView.swift */ = {isa = PBXFileReference; lastKnownFileType = sourcecode.swift; path = ContentView.swift; sourceTree = "<group>"; };
		E4F30C2B2837535D006F424E /* Assets.xcassets */ = {isa = PBXFileReference; lastKnownFileType = folder.assetcatalog; path = Assets.xcassets; sourceTree = "<group>"; };
		E4F30C2E2837535D006F424E /* Preview Assets.xcassets */ = {isa = PBXFileReference; lastKnownFileType = folder.assetcatalog; path = "Preview Assets.xcassets"; sourceTree = "<group>"; };
/* End PBXFileReference section */

/* Begin PBXFrameworksBuildPhase section */
		E4F30C212837535C006F424E /* Frameworks */ = {
			isa = PBXFrameworksBuildPhase;
			buildActionMask = 2147483647;
			files = (
				CD91B0902880D4840005D1CA /* FirebaseAuth in Frameworks */,
				CD91B0962880D4840005D1CA /* FirebaseStorage in Frameworks */,
				CD91B0922880D4840005D1CA /* FirebaseFirestore in Frameworks */,
				CD91B09B288115060005D1CA /* MonthYearWheelPicker in Frameworks */,
				CD91B0942880D4840005D1CA /* FirebaseFirestoreSwift in Frameworks */,
			);
			runOnlyForDeploymentPostprocessing = 0;
		};
/* End PBXFrameworksBuildPhase section */

/* Begin PBXGroup section */
		3492AECA286FADA3001910B6 /* Utilities */ = {
			isa = PBXGroup;
			children = (
				E4365C392867874F00DE16A4 /* GoogleService-Info.plist */,
				CDFD8FD82843026700E48A68 /* Info.plist */,
				3492AECB286FADC3001910B6 /* FirebaseManager.swift */,
			);
			path = Utilities;
			sourceTree = "<group>";
		};
		CDFD8FD52843023E00E48A68 /* Fonts */ = {
			isa = PBXGroup;
			children = (
				CDFD8FD62843025700E48A68 /* Charm-Regular.ttf */,
			);
			path = Fonts;
			sourceTree = "<group>";
		};
		E4365C3B2867894B00DE16A4 /* ViewModel */ = {
			isa = PBXGroup;
			children = (
				E4365C3C2867897100DE16A4 /* AppViewModel.swift */,
				E46781B5286EA1CA00BDAFCA /* LoginViewModel.swift */,
				E46781B7286EA1DA00BDAFCA /* SignupViewModel.swift */,
				E402B842286F7C4300EBBABA /* ProfileViewModel.swift */,
				CD91B08C2880D2350005D1CA /* UserViewModel.swift */,
				345307652877D01F00218DAD /* AllUsersViewModel.swift */,
				CD91B0972880D6190005D1CA /* LinkUsersViewModel.swift */,
			);
			path = ViewModel;
			sourceTree = "<group>";
		};
		E46781A9286E8C9E00BDAFCA /* Extension */ = {
			isa = PBXGroup;
			children = (
				E46781AA286E8CD500BDAFCA /* ViewExtension.swift */,
			);
			path = Extension;
			sourceTree = "<group>";
		};
		E46781AC286E8F9C00BDAFCA /* Ultility */ = {
			isa = PBXGroup;
			children = (
				E46781AD286E8FDD00BDAFCA /* Validation */,
			);
			path = Ultility;
			sourceTree = "<group>";
		};
		E46781AD286E8FDD00BDAFCA /* Validation */ = {
			isa = PBXGroup;
			children = (
				E46781AE286E901000BDAFCA /* LoginValidation.swift */,
				E46781B0286E901C00BDAFCA /* SignupValidation.swift */,
			);
			path = Validation;
			sourceTree = "<group>";
		};
		E46781B2286E920E00BDAFCA /* Model */ = {
			isa = PBXGroup;
			children = (
				E46781B3286E922600BDAFCA /* CustomError.swift */,
				345307672877D30500218DAD /* User.swift */,
			);
			path = Model;
			sourceTree = "<group>";
		};
		E4CEC813286F85EF00F75CCA /* Frameworks */ = {
			isa = PBXGroup;
			children = (
			);
			name = Frameworks;
			sourceTree = "<group>";
		};
		E4DDE3F6283DB6D90059CCEC /* View */ = {
			isa = PBXGroup;
			children = (
				E4DDE3FA283DC7BA0059CCEC /* Screens */,
				E4DDE3F7283DB7130059CCEC /* Components */,
			);
			path = View;
			sourceTree = "<group>";
		};
		E4DDE3F7283DB7130059CCEC /* Components */ = {
			isa = PBXGroup;
			children = (
				CDFD8FCD2842FF3000E48A68 /* InputFieldView.swift */,
				CDFD8FD3284300F600E48A68 /* Parallelogram.swift */,
				CDFD8FDB2843046600E48A68 /* ButtonView_2.swift */,
				CDD0FF5B284C3EA70045E1E4 /* ButtonCardView.swift */,
				CDD0FF5D284C84FE0045E1E4 /* CardView.swift */,
				CDF5CFB628829A6B00C65232 /* EditCardView.swift */,
				34DCD16A2853269C00BE60AF /* ImagePicker.swift */,
				CD26D8EB285D2B2200CA1AA6 /* ProfileView.swift */,
				CD26D8EF285D3BE500CA1AA6 /* HomeCardView.swift */,
				CD26D8F1285D4F1700CA1AA6 /* MessageCardView.swift */,
				CDF5CFB82882ADC300C65232 /* EditMessageCardView.swift */,
				CD26D8ED285D37F800CA1AA6 /* ToggleStyle.swift */,
				E4A474BB285D914E006959D9 /* DatePickerView.swift */,
				E4A474BD285D9177006959D9 /* PasswordView.swift */,
				CD37407F2863DAF7005BC18D /* InfoPopupView.swift */,
				CD3740812863E344005BC18D /* PopUpView.swift */,
				CD8C0A602873B85E00DA5BC8 /* MatchedPopupView.swift */,
				CD8C0A622874174F00DA5BC8 /* EditButtonView.swift */,
				CD91B09E28814D9C0005D1CA /* MultiLineInputView.swift */,
			);
			path = Components;
			sourceTree = "<group>";
		};
		E4DDE3FA283DC7BA0059CCEC /* Screens */ = {
			isa = PBXGroup;
			children = (
				E4DDE3FB283DC7CE0059CCEC /* LoginView.swift */,
				CDFD8FCF2843007900E48A68 /* SignUpView.swift */,
				CDFD8FDD2843067A00E48A68 /* LoadingView.swift */,
				CDFD8FDF284306EE00E48A68 /* ProfileInfoView.swift */,
				CD1CDAA628643DF300BEC566 /* ProfileConfirmView.swift */,
				34859B22284B0778001C42DC /* TabBarView.swift */,
				34859B24284B086A001C42DC /* HomeView.swift */,
				34859B26284B0877001C42DC /* RequestsView.swift */,
				34859B28284B0881001C42DC /* MatchedView.swift */,
				34859B2A284B088C001C42DC /* MessageView.swift */,
				34859B2C284B0E52001C42DC /* UserProfileView.swift */,
				CD86B7E2284B6ED70011F078 /* HomeProfileView.swift */,
				CDE10DE2284BE66C00A71B37 /* RequestsProfileView.swift */,
				CDE10DE4284BE9AB00A71B37 /* MatchedProfileView.swift */,
				CDD0FF5F284C89500045E1E4 /* MessageChatView.swift */,
				CD3740792863B6B2005BC18D /* UserProfileEditView.swift */,
				CD8C0A5E2873A6EC00DA5BC8 /* OnBoardingView.swift */,
			);
			path = Screens;
			sourceTree = "<group>";
		};
		E4F30C1B2837535C006F424E = {
			isa = PBXGroup;
			children = (
				E4F30C262837535C006F424E /* UniMentor */,
				E4F30C252837535C006F424E /* Products */,
				E4CEC813286F85EF00F75CCA /* Frameworks */,
			);
			sourceTree = "<group>";
		};
		E4F30C252837535C006F424E /* Products */ = {
			isa = PBXGroup;
			children = (
				E4F30C242837535C006F424E /* UniMentor.app */,
			);
			name = Products;
			sourceTree = "<group>";
		};
		E4F30C262837535C006F424E /* UniMentor */ = {
			isa = PBXGroup;
			children = (
				3492AECA286FADA3001910B6 /* Utilities */,
				E46781B2286E920E00BDAFCA /* Model */,
				E46781AC286E8F9C00BDAFCA /* Ultility */,
				E46781A9286E8C9E00BDAFCA /* Extension */,
				E4365C3B2867894B00DE16A4 /* ViewModel */,
				CDFD8FD52843023E00E48A68 /* Fonts */,
				E4DDE3F6283DB6D90059CCEC /* View */,
				E4F30C272837535C006F424E /* UniMentorApp.swift */,
				E4F30C292837535C006F424E /* ContentView.swift */,
				E4F30C2B2837535D006F424E /* Assets.xcassets */,
				E4F30C2D2837535D006F424E /* Preview Content */,
			);
			path = UniMentor;
			sourceTree = "<group>";
		};
		E4F30C2D2837535D006F424E /* Preview Content */ = {
			isa = PBXGroup;
			children = (
				E4F30C2E2837535D006F424E /* Preview Assets.xcassets */,
			);
			path = "Preview Content";
			sourceTree = "<group>";
		};
/* End PBXGroup section */

/* Begin PBXNativeTarget section */
		E4F30C232837535C006F424E /* UniMentor */ = {
			isa = PBXNativeTarget;
			buildConfigurationList = E4F30C322837535D006F424E /* Build configuration list for PBXNativeTarget "UniMentor" */;
			buildPhases = (
				E4F30C202837535C006F424E /* Sources */,
				E4F30C212837535C006F424E /* Frameworks */,
				E4F30C222837535C006F424E /* Resources */,
			);
			buildRules = (
			);
			dependencies = (
			);
			name = UniMentor;
			packageProductDependencies = (
				CD91B08F2880D4840005D1CA /* FirebaseAuth */,
				CD91B0912880D4840005D1CA /* FirebaseFirestore */,
				CD91B0932880D4840005D1CA /* FirebaseFirestoreSwift */,
				CD91B0952880D4840005D1CA /* FirebaseStorage */,
				CD91B09A288115060005D1CA /* MonthYearWheelPicker */,
			);
			productName = UniMentor;
			productReference = E4F30C242837535C006F424E /* UniMentor.app */;
			productType = "com.apple.product-type.application";
		};
/* End PBXNativeTarget section */

/* Begin PBXProject section */
		E4F30C1C2837535C006F424E /* Project object */ = {
			isa = PBXProject;
			attributes = {
				BuildIndependentTargetsInParallel = 1;
				LastSwiftUpdateCheck = 1330;
				LastUpgradeCheck = 1330;
				TargetAttributes = {
					E4F30C232837535C006F424E = {
						CreatedOnToolsVersion = 13.3.1;
					};
				};
			};
			buildConfigurationList = E4F30C1F2837535C006F424E /* Build configuration list for PBXProject "UniMentor" */;
			compatibilityVersion = "Xcode 13.0";
			developmentRegion = en;
			hasScannedForEncodings = 0;
			knownRegions = (
				en,
				Base,
			);
			mainGroup = E4F30C1B2837535C006F424E;
			packageReferences = (
				CD91B08E2880D4840005D1CA /* XCRemoteSwiftPackageReference "firebase-ios-sdk" */,
				CD91B099288115060005D1CA /* XCRemoteSwiftPackageReference "MonthYearWheelPicker" */,
			);
			productRefGroup = E4F30C252837535C006F424E /* Products */;
			projectDirPath = "";
			projectRoot = "";
			targets = (
				E4F30C232837535C006F424E /* UniMentor */,
			);
		};
/* End PBXProject section */

/* Begin PBXResourcesBuildPhase section */
		E4F30C222837535C006F424E /* Resources */ = {
			isa = PBXResourcesBuildPhase;
			buildActionMask = 2147483647;
			files = (
				E4F30C2F2837535D006F424E /* Preview Assets.xcassets in Resources */,
				E4365C3A2867874F00DE16A4 /* GoogleService-Info.plist in Resources */,
				E4F30C2C2837535D006F424E /* Assets.xcassets in Resources */,
				CDFD8FD72843025700E48A68 /* Charm-Regular.ttf in Resources */,
			);
			runOnlyForDeploymentPostprocessing = 0;
		};
/* End PBXResourcesBuildPhase section */

/* Begin PBXSourcesBuildPhase section */
		E4F30C202837535C006F424E /* Sources */ = {
			isa = PBXSourcesBuildPhase;
			buildActionMask = 2147483647;
			files = (
				3492AECC286FADC3001910B6 /* FirebaseManager.swift in Sources */,
				34859B2B284B088C001C42DC /* MessageView.swift in Sources */,
				CDFD8FE0284306EE00E48A68 /* ProfileInfoView.swift in Sources */,
				E4365C3D2867897100DE16A4 /* AppViewModel.swift in Sources */,
				34DCD16B2853269C00BE60AF /* ImagePicker.swift in Sources */,
				CD26D8F0285D3BE500CA1AA6 /* HomeCardView.swift in Sources */,
				CD86B7E3284B6ED70011F078 /* HomeProfileView.swift in Sources */,
				CDFD8FD4284300F600E48A68 /* Parallelogram.swift in Sources */,
				34859B23284B0778001C42DC /* TabBarView.swift in Sources */,
				CDFD8FDE2843067A00E48A68 /* LoadingView.swift in Sources */,
				E4A474BC285D914E006959D9 /* DatePickerView.swift in Sources */,
				CDD0FF60284C89500045E1E4 /* MessageChatView.swift in Sources */,
				34859B29284B0881001C42DC /* MatchedView.swift in Sources */,
				E4F30C2A2837535C006F424E /* ContentView.swift in Sources */,
				E4A474BE285D9177006959D9 /* PasswordView.swift in Sources */,
				CD26D8F2285D4F1700CA1AA6 /* MessageCardView.swift in Sources */,
				CDFD8FCE2842FF3000E48A68 /* InputFieldView.swift in Sources */,
				CD91B09F28814D9C0005D1CA /* MultiLineInputView.swift in Sources */,
				CDD0FF5C284C3EA70045E1E4 /* ButtonCardView.swift in Sources */,
				E46781B6286EA1CB00BDAFCA /* LoginViewModel.swift in Sources */,
				CD91B08D2880D2350005D1CA /* UserViewModel.swift in Sources */,
				CD26D8EC285D2B2200CA1AA6 /* ProfileView.swift in Sources */,
				34859B2D284B0E52001C42DC /* UserProfileView.swift in Sources */,
				CD8C0A612873B85E00DA5BC8 /* MatchedPopupView.swift in Sources */,
				345307682877D30500218DAD /* User.swift in Sources */,
				345307662877D02000218DAD /* AllUsersViewModel.swift in Sources */,
				CDD0FF5E284C84FE0045E1E4 /* CardView.swift in Sources */,
				CD91B0982880D6190005D1CA /* LinkUsersViewModel.swift in Sources */,
				CDFD8FD02843007900E48A68 /* SignUpView.swift in Sources */,
				CD8C0A5F2873A6EC00DA5BC8 /* OnBoardingView.swift in Sources */,
				CDE10DE3284BE66C00A71B37 /* RequestsProfileView.swift in Sources */,
				CDFD8FDC2843046600E48A68 /* ButtonView_2.swift in Sources */,
				34859B25284B086A001C42DC /* HomeView.swift in Sources */,
				E46781AF286E901000BDAFCA /* LoginValidation.swift in Sources */,
				E4DDE3FC283DC7CE0059CCEC /* LoginView.swift in Sources */,
				CD3740822863E344005BC18D /* PopUpView.swift in Sources */,
				E46781B1286E901C00BDAFCA /* SignupValidation.swift in Sources */,
				CD3740802863DAF7005BC18D /* InfoPopupView.swift in Sources */,
				CD26D8EE285D37F800CA1AA6 /* ToggleStyle.swift in Sources */,
				E46781B4286E922600BDAFCA /* CustomError.swift in Sources */,
				E4F30C282837535C006F424E /* UniMentorApp.swift in Sources */,
				CD8C0A632874174F00DA5BC8 /* EditButtonView.swift in Sources */,
				CDF5CFB728829A6B00C65232 /* EditCardView.swift in Sources */,
				E46781B8286EA1DA00BDAFCA /* SignupViewModel.swift in Sources */,
				E402B843286F7C4300EBBABA /* ProfileViewModel.swift in Sources */,
				CD1CDAA728643DF300BEC566 /* ProfileConfirmView.swift in Sources */,
				CDF5CFB92882ADC300C65232 /* EditMessageCardView.swift in Sources */,
				E46781AB286E8CD500BDAFCA /* ViewExtension.swift in Sources */,
				CD37407A2863B6B2005BC18D /* UserProfileEditView.swift in Sources */,
				CDE10DE5284BE9AB00A71B37 /* MatchedProfileView.swift in Sources */,
				34859B27284B0877001C42DC /* RequestsView.swift in Sources */,
			);
			runOnlyForDeploymentPostprocessing = 0;
		};
/* End PBXSourcesBuildPhase section */

/* Begin XCBuildConfiguration section */
		E4F30C302837535D006F424E /* Debug */ = {
			isa = XCBuildConfiguration;
			buildSettings = {
				ALWAYS_SEARCH_USER_PATHS = NO;
				CLANG_ANALYZER_NONNULL = YES;
				CLANG_ANALYZER_NUMBER_OBJECT_CONVERSION = YES_AGGRESSIVE;
				CLANG_CXX_LANGUAGE_STANDARD = "gnu++17";
				CLANG_ENABLE_MODULES = YES;
				CLANG_ENABLE_OBJC_ARC = YES;
				CLANG_ENABLE_OBJC_WEAK = YES;
				CLANG_WARN_BLOCK_CAPTURE_AUTORELEASING = YES;
				CLANG_WARN_BOOL_CONVERSION = YES;
				CLANG_WARN_COMMA = YES;
				CLANG_WARN_CONSTANT_CONVERSION = YES;
				CLANG_WARN_DEPRECATED_OBJC_IMPLEMENTATIONS = YES;
				CLANG_WARN_DIRECT_OBJC_ISA_USAGE = YES_ERROR;
				CLANG_WARN_DOCUMENTATION_COMMENTS = YES;
				CLANG_WARN_EMPTY_BODY = YES;
				CLANG_WARN_ENUM_CONVERSION = YES;
				CLANG_WARN_INFINITE_RECURSION = YES;
				CLANG_WARN_INT_CONVERSION = YES;
				CLANG_WARN_NON_LITERAL_NULL_CONVERSION = YES;
				CLANG_WARN_OBJC_IMPLICIT_RETAIN_SELF = YES;
				CLANG_WARN_OBJC_LITERAL_CONVERSION = YES;
				CLANG_WARN_OBJC_ROOT_CLASS = YES_ERROR;
				CLANG_WARN_QUOTED_INCLUDE_IN_FRAMEWORK_HEADER = YES;
				CLANG_WARN_RANGE_LOOP_ANALYSIS = YES;
				CLANG_WARN_STRICT_PROTOTYPES = YES;
				CLANG_WARN_SUSPICIOUS_MOVE = YES;
				CLANG_WARN_UNGUARDED_AVAILABILITY = YES_AGGRESSIVE;
				CLANG_WARN_UNREACHABLE_CODE = YES;
				CLANG_WARN__DUPLICATE_METHOD_MATCH = YES;
				COPY_PHASE_STRIP = NO;
				DEBUG_INFORMATION_FORMAT = dwarf;
				ENABLE_STRICT_OBJC_MSGSEND = YES;
				ENABLE_TESTABILITY = YES;
				GCC_C_LANGUAGE_STANDARD = gnu11;
				GCC_DYNAMIC_NO_PIC = NO;
				GCC_NO_COMMON_BLOCKS = YES;
				GCC_OPTIMIZATION_LEVEL = 0;
				GCC_PREPROCESSOR_DEFINITIONS = (
					"DEBUG=1",
					"$(inherited)",
				);
				GCC_WARN_64_TO_32_BIT_CONVERSION = YES;
				GCC_WARN_ABOUT_RETURN_TYPE = YES_ERROR;
				GCC_WARN_UNDECLARED_SELECTOR = YES;
				GCC_WARN_UNINITIALIZED_AUTOS = YES_AGGRESSIVE;
				GCC_WARN_UNUSED_FUNCTION = YES;
				GCC_WARN_UNUSED_VARIABLE = YES;
				IPHONEOS_DEPLOYMENT_TARGET = 15.4;
				MTL_ENABLE_DEBUG_INFO = INCLUDE_SOURCE;
				MTL_FAST_MATH = YES;
				ONLY_ACTIVE_ARCH = YES;
				SDKROOT = iphoneos;
				SWIFT_ACTIVE_COMPILATION_CONDITIONS = DEBUG;
				SWIFT_OPTIMIZATION_LEVEL = "-Onone";
			};
			name = Debug;
		};
		E4F30C312837535D006F424E /* Release */ = {
			isa = XCBuildConfiguration;
			buildSettings = {
				ALWAYS_SEARCH_USER_PATHS = NO;
				CLANG_ANALYZER_NONNULL = YES;
				CLANG_ANALYZER_NUMBER_OBJECT_CONVERSION = YES_AGGRESSIVE;
				CLANG_CXX_LANGUAGE_STANDARD = "gnu++17";
				CLANG_ENABLE_MODULES = YES;
				CLANG_ENABLE_OBJC_ARC = YES;
				CLANG_ENABLE_OBJC_WEAK = YES;
				CLANG_WARN_BLOCK_CAPTURE_AUTORELEASING = YES;
				CLANG_WARN_BOOL_CONVERSION = YES;
				CLANG_WARN_COMMA = YES;
				CLANG_WARN_CONSTANT_CONVERSION = YES;
				CLANG_WARN_DEPRECATED_OBJC_IMPLEMENTATIONS = YES;
				CLANG_WARN_DIRECT_OBJC_ISA_USAGE = YES_ERROR;
				CLANG_WARN_DOCUMENTATION_COMMENTS = YES;
				CLANG_WARN_EMPTY_BODY = YES;
				CLANG_WARN_ENUM_CONVERSION = YES;
				CLANG_WARN_INFINITE_RECURSION = YES;
				CLANG_WARN_INT_CONVERSION = YES;
				CLANG_WARN_NON_LITERAL_NULL_CONVERSION = YES;
				CLANG_WARN_OBJC_IMPLICIT_RETAIN_SELF = YES;
				CLANG_WARN_OBJC_LITERAL_CONVERSION = YES;
				CLANG_WARN_OBJC_ROOT_CLASS = YES_ERROR;
				CLANG_WARN_QUOTED_INCLUDE_IN_FRAMEWORK_HEADER = YES;
				CLANG_WARN_RANGE_LOOP_ANALYSIS = YES;
				CLANG_WARN_STRICT_PROTOTYPES = YES;
				CLANG_WARN_SUSPICIOUS_MOVE = YES;
				CLANG_WARN_UNGUARDED_AVAILABILITY = YES_AGGRESSIVE;
				CLANG_WARN_UNREACHABLE_CODE = YES;
				CLANG_WARN__DUPLICATE_METHOD_MATCH = YES;
				COPY_PHASE_STRIP = NO;
				DEBUG_INFORMATION_FORMAT = "dwarf-with-dsym";
				ENABLE_NS_ASSERTIONS = NO;
				ENABLE_STRICT_OBJC_MSGSEND = YES;
				GCC_C_LANGUAGE_STANDARD = gnu11;
				GCC_NO_COMMON_BLOCKS = YES;
				GCC_WARN_64_TO_32_BIT_CONVERSION = YES;
				GCC_WARN_ABOUT_RETURN_TYPE = YES_ERROR;
				GCC_WARN_UNDECLARED_SELECTOR = YES;
				GCC_WARN_UNINITIALIZED_AUTOS = YES_AGGRESSIVE;
				GCC_WARN_UNUSED_FUNCTION = YES;
				GCC_WARN_UNUSED_VARIABLE = YES;
				IPHONEOS_DEPLOYMENT_TARGET = 15.4;
				MTL_ENABLE_DEBUG_INFO = NO;
				MTL_FAST_MATH = YES;
				SDKROOT = iphoneos;
				SWIFT_COMPILATION_MODE = wholemodule;
				SWIFT_OPTIMIZATION_LEVEL = "-O";
				VALIDATE_PRODUCT = YES;
			};
			name = Release;
		};
		E4F30C332837535D006F424E /* Debug */ = {
			isa = XCBuildConfiguration;
			buildSettings = {
				ASSETCATALOG_COMPILER_APPICON_NAME = AppIcon;
				ASSETCATALOG_COMPILER_GLOBAL_ACCENT_COLOR_NAME = AccentColor;
				CODE_SIGN_STYLE = Automatic;
				CURRENT_PROJECT_VERSION = 1;
				DEVELOPMENT_ASSET_PATHS = "\"UniMentor/Preview Content\"";
				ENABLE_PREVIEWS = YES;
				GENERATE_INFOPLIST_FILE = YES;
				INFOPLIST_FILE = UniMentor/Utilities/Info.plist;
				INFOPLIST_KEY_UIApplicationSceneManifest_Generation = YES;
				INFOPLIST_KEY_UIApplicationSupportsIndirectInputEvents = YES;
				INFOPLIST_KEY_UILaunchScreen_Generation = YES;
				INFOPLIST_KEY_UISupportedInterfaceOrientations_iPad = "UIInterfaceOrientationPortrait UIInterfaceOrientationPortraitUpsideDown UIInterfaceOrientationLandscapeLeft UIInterfaceOrientationLandscapeRight";
				INFOPLIST_KEY_UISupportedInterfaceOrientations_iPhone = "UIInterfaceOrientationPortrait UIInterfaceOrientationLandscapeLeft UIInterfaceOrientationLandscapeRight";
				LD_RUNPATH_SEARCH_PATHS = (
					"$(inherited)",
					"@executable_path/Frameworks",
				);
				MARKETING_VERSION = 1.0;
				PRODUCT_BUNDLE_IDENTIFIER = bluemango.UniMentor;
				PRODUCT_NAME = "$(TARGET_NAME)";
				SWIFT_EMIT_LOC_STRINGS = YES;
				SWIFT_VERSION = 5.0;
				TARGETED_DEVICE_FAMILY = "1,2";
			};
			name = Debug;
		};
		E4F30C342837535D006F424E /* Release */ = {
			isa = XCBuildConfiguration;
			buildSettings = {
				ASSETCATALOG_COMPILER_APPICON_NAME = AppIcon;
				ASSETCATALOG_COMPILER_GLOBAL_ACCENT_COLOR_NAME = AccentColor;
				CODE_SIGN_STYLE = Automatic;
				CURRENT_PROJECT_VERSION = 1;
				DEVELOPMENT_ASSET_PATHS = "\"UniMentor/Preview Content\"";
				ENABLE_PREVIEWS = YES;
				GENERATE_INFOPLIST_FILE = YES;
				INFOPLIST_FILE = UniMentor/Utilities/Info.plist;
				INFOPLIST_KEY_UIApplicationSceneManifest_Generation = YES;
				INFOPLIST_KEY_UIApplicationSupportsIndirectInputEvents = YES;
				INFOPLIST_KEY_UILaunchScreen_Generation = YES;
				INFOPLIST_KEY_UISupportedInterfaceOrientations_iPad = "UIInterfaceOrientationPortrait UIInterfaceOrientationPortraitUpsideDown UIInterfaceOrientationLandscapeLeft UIInterfaceOrientationLandscapeRight";
				INFOPLIST_KEY_UISupportedInterfaceOrientations_iPhone = "UIInterfaceOrientationPortrait UIInterfaceOrientationLandscapeLeft UIInterfaceOrientationLandscapeRight";
				LD_RUNPATH_SEARCH_PATHS = (
					"$(inherited)",
					"@executable_path/Frameworks",
				);
				MARKETING_VERSION = 1.0;
				PRODUCT_BUNDLE_IDENTIFIER = bluemango.UniMentor;
				PRODUCT_NAME = "$(TARGET_NAME)";
				SWIFT_EMIT_LOC_STRINGS = YES;
				SWIFT_VERSION = 5.0;
				TARGETED_DEVICE_FAMILY = "1,2";
			};
			name = Release;
		};
/* End XCBuildConfiguration section */

/* Begin XCConfigurationList section */
		E4F30C1F2837535C006F424E /* Build configuration list for PBXProject "UniMentor" */ = {
			isa = XCConfigurationList;
			buildConfigurations = (
				E4F30C302837535D006F424E /* Debug */,
				E4F30C312837535D006F424E /* Release */,
			);
			defaultConfigurationIsVisible = 0;
			defaultConfigurationName = Release;
		};
		E4F30C322837535D006F424E /* Build configuration list for PBXNativeTarget "UniMentor" */ = {
			isa = XCConfigurationList;
			buildConfigurations = (
				E4F30C332837535D006F424E /* Debug */,
				E4F30C342837535D006F424E /* Release */,
			);
			defaultConfigurationIsVisible = 0;
			defaultConfigurationName = Release;
		};
/* End XCConfigurationList section */

/* Begin XCRemoteSwiftPackageReference section */
		CD91B08E2880D4840005D1CA /* XCRemoteSwiftPackageReference "firebase-ios-sdk" */ = {
			isa = XCRemoteSwiftPackageReference;
			repositoryURL = "https://github.com/firebase/firebase-ios-sdk.git";
			requirement = {
				kind = upToNextMajorVersion;
				minimumVersion = 9.0.0;
			};
		};
		CD91B099288115060005D1CA /* XCRemoteSwiftPackageReference "MonthYearWheelPicker" */ = {
			isa = XCRemoteSwiftPackageReference;
			repositoryURL = "https://github.com/bendodson/MonthYearWheelPicker.git";
			requirement = {
				kind = upToNextMajorVersion;
				minimumVersion = 1.0.0;
			};
		};
/* End XCRemoteSwiftPackageReference section */

/* Begin XCSwiftPackageProductDependency section */
		CD91B08F2880D4840005D1CA /* FirebaseAuth */ = {
			isa = XCSwiftPackageProductDependency;
			package = CD91B08E2880D4840005D1CA /* XCRemoteSwiftPackageReference "firebase-ios-sdk" */;
			productName = FirebaseAuth;
		};
		CD91B0912880D4840005D1CA /* FirebaseFirestore */ = {
			isa = XCSwiftPackageProductDependency;
			package = CD91B08E2880D4840005D1CA /* XCRemoteSwiftPackageReference "firebase-ios-sdk" */;
			productName = FirebaseFirestore;
		};
		CD91B0932880D4840005D1CA /* FirebaseFirestoreSwift */ = {
			isa = XCSwiftPackageProductDependency;
			package = CD91B08E2880D4840005D1CA /* XCRemoteSwiftPackageReference "firebase-ios-sdk" */;
			productName = FirebaseFirestoreSwift;
		};
		CD91B0952880D4840005D1CA /* FirebaseStorage */ = {
			isa = XCSwiftPackageProductDependency;
			package = CD91B08E2880D4840005D1CA /* XCRemoteSwiftPackageReference "firebase-ios-sdk" */;
			productName = FirebaseStorage;
		};
		CD91B09A288115060005D1CA /* MonthYearWheelPicker */ = {
			isa = XCSwiftPackageProductDependency;
			package = CD91B099288115060005D1CA /* XCRemoteSwiftPackageReference "MonthYearWheelPicker" */;
			productName = MonthYearWheelPicker;
		};
/* End XCSwiftPackageProductDependency section */
	};
	rootObject = E4F30C1C2837535C006F424E /* Project object */;
}
