// !$*UTF8*$!
{
	archiveVersion = 1;
	classes = {
	};
	objectVersion = 55;
	objects = {

/* Begin PBXBuildFile section */
		34859B23284B0778001C42DC /* TabBarView.swift in Sources */ = {isa = PBXBuildFile; fileRef = 34859B22284B0778001C42DC /* TabBarView.swift */; };
		34859B25284B086A001C42DC /* HomeView.swift in Sources */ = {isa = PBXBuildFile; fileRef = 34859B24284B086A001C42DC /* HomeView.swift */; };
		34859B27284B0877001C42DC /* RequestsView.swift in Sources */ = {isa = PBXBuildFile; fileRef = 34859B26284B0877001C42DC /* RequestsView.swift */; };
		34859B29284B0881001C42DC /* MatchedView.swift in Sources */ = {isa = PBXBuildFile; fileRef = 34859B28284B0881001C42DC /* MatchedView.swift */; };
		34859B2B284B088C001C42DC /* ChatView.swift in Sources */ = {isa = PBXBuildFile; fileRef = 34859B2A284B088C001C42DC /* ChatView.swift */; };
		34859B2D284B0E52001C42DC /* UserProfileView.swift in Sources */ = {isa = PBXBuildFile; fileRef = 34859B2C284B0E52001C42DC /* UserProfileView.swift */; };
		34DCD16B2853269C00BE60AF /* ImagePicker.swift in Sources */ = {isa = PBXBuildFile; fileRef = 34DCD16A2853269C00BE60AF /* ImagePicker.swift */; };
		CD1CDAA728643DF300BEC566 /* ProfileConfirmView.swift in Sources */ = {isa = PBXBuildFile; fileRef = CD1CDAA628643DF300BEC566 /* ProfileConfirmView.swift */; };
		CD26D8EC285D2B2200CA1AA6 /* ProfileView.swift in Sources */ = {isa = PBXBuildFile; fileRef = CD26D8EB285D2B2200CA1AA6 /* ProfileView.swift */; };
		CD26D8EE285D37F800CA1AA6 /* ToggleStyle.swift in Sources */ = {isa = PBXBuildFile; fileRef = CD26D8ED285D37F800CA1AA6 /* ToggleStyle.swift */; };
		CD26D8F0285D3BE500CA1AA6 /* HomeCardView.swift in Sources */ = {isa = PBXBuildFile; fileRef = CD26D8EF285D3BE500CA1AA6 /* HomeCardView.swift */; };
		CD26D8F2285D4F1700CA1AA6 /* MessageCardView.swift in Sources */ = {isa = PBXBuildFile; fileRef = CD26D8F1285D4F1700CA1AA6 /* MessageCardView.swift */; };
		CD26D8F4285D5A7300CA1AA6 /* TestTabBarView.swift in Sources */ = {isa = PBXBuildFile; fileRef = CD26D8F3285D5A7300CA1AA6 /* TestTabBarView.swift */; };
		CD442409285B178C00BCBD51 /* EditButtonView.swift in Sources */ = {isa = PBXBuildFile; fileRef = CD442408285B178C00BCBD51 /* EditButtonView.swift */; };
		CD86B7E3284B6ED70011F078 /* HomeProfileView.swift in Sources */ = {isa = PBXBuildFile; fileRef = CD86B7E2284B6ED70011F078 /* HomeProfileView.swift */; };
		CDD0FF5C284C3EA70045E1E4 /* ButtonCardView.swift in Sources */ = {isa = PBXBuildFile; fileRef = CDD0FF5B284C3EA70045E1E4 /* ButtonCardView.swift */; };
		CDD0FF5E284C84FE0045E1E4 /* CardView.swift in Sources */ = {isa = PBXBuildFile; fileRef = CDD0FF5D284C84FE0045E1E4 /* CardView.swift */; };
		CDD0FF60284C89500045E1E4 /* MessageChatView.swift in Sources */ = {isa = PBXBuildFile; fileRef = CDD0FF5F284C89500045E1E4 /* MessageChatView.swift */; };
		CDD9BC30284E5418004797E0 /* EditProfileView.swift in Sources */ = {isa = PBXBuildFile; fileRef = CDD9BC2F284E5418004797E0 /* EditProfileView.swift */; };
		CDE10DE3284BE66C00A71B37 /* RequestsProfileView.swift in Sources */ = {isa = PBXBuildFile; fileRef = CDE10DE2284BE66C00A71B37 /* RequestsProfileView.swift */; };
		CDE10DE5284BE9AB00A71B37 /* MatchedProfileView.swift in Sources */ = {isa = PBXBuildFile; fileRef = CDE10DE4284BE9AB00A71B37 /* MatchedProfileView.swift */; };
		CDE10DE7284BEA0F00A71B37 /* SmallButtonView.swift in Sources */ = {isa = PBXBuildFile; fileRef = CDE10DE6284BEA0F00A71B37 /* SmallButtonView.swift */; };
		CDFD8FCE2842FF3000E48A68 /* InputFieldView.swift in Sources */ = {isa = PBXBuildFile; fileRef = CDFD8FCD2842FF3000E48A68 /* InputFieldView.swift */; };
		CDFD8FD02843007900E48A68 /* SignUpView.swift in Sources */ = {isa = PBXBuildFile; fileRef = CDFD8FCF2843007900E48A68 /* SignUpView.swift */; };
		CDFD8FD4284300F600E48A68 /* Parallelogram.swift in Sources */ = {isa = PBXBuildFile; fileRef = CDFD8FD3284300F600E48A68 /* Parallelogram.swift */; };
		CDFD8FD72843025700E48A68 /* Charm-Regular.ttf in Resources */ = {isa = PBXBuildFile; fileRef = CDFD8FD62843025700E48A68 /* Charm-Regular.ttf */; };
		CDFD8FDC2843046600E48A68 /* ButtonView_2.swift in Sources */ = {isa = PBXBuildFile; fileRef = CDFD8FDB2843046600E48A68 /* ButtonView_2.swift */; };
		CDFD8FDE2843067A00E48A68 /* LoadingView.swift in Sources */ = {isa = PBXBuildFile; fileRef = CDFD8FDD2843067A00E48A68 /* LoadingView.swift */; };
		CDFD8FE0284306EE00E48A68 /* ProfileInfoView.swift in Sources */ = {isa = PBXBuildFile; fileRef = CDFD8FDF284306EE00E48A68 /* ProfileInfoView.swift */; };
		CDFD8FE2284308AC00E48A68 /* InputNoIconView.swift in Sources */ = {isa = PBXBuildFile; fileRef = CDFD8FE1284308AC00E48A68 /* InputNoIconView.swift */; };
		E4A474BC285D914E006959D9 /* DatePickerView.swift in Sources */ = {isa = PBXBuildFile; fileRef = E4A474BB285D914E006959D9 /* DatePickerView.swift */; };
		E4A474BE285D9177006959D9 /* PasswordView.swift in Sources */ = {isa = PBXBuildFile; fileRef = E4A474BD285D9177006959D9 /* PasswordView.swift */; };
		E4DDE3FC283DC7CE0059CCEC /* LoginView.swift in Sources */ = {isa = PBXBuildFile; fileRef = E4DDE3FB283DC7CE0059CCEC /* LoginView.swift */; };
		E4F30C282837535C006F424E /* UniMentorApp.swift in Sources */ = {isa = PBXBuildFile; fileRef = E4F30C272837535C006F424E /* UniMentorApp.swift */; };
		E4F30C2A2837535C006F424E /* ContentView.swift in Sources */ = {isa = PBXBuildFile; fileRef = E4F30C292837535C006F424E /* ContentView.swift */; };
		E4F30C2C2837535D006F424E /* Assets.xcassets in Resources */ = {isa = PBXBuildFile; fileRef = E4F30C2B2837535D006F424E /* Assets.xcassets */; };
		E4F30C2F2837535D006F424E /* Preview Assets.xcassets in Resources */ = {isa = PBXBuildFile; fileRef = E4F30C2E2837535D006F424E /* Preview Assets.xcassets */; };
/* End PBXBuildFile section */

/* Begin PBXFileReference section */
		34859B22284B0778001C42DC /* TabBarView.swift */ = {isa = PBXFileReference; lastKnownFileType = sourcecode.swift; path = TabBarView.swift; sourceTree = "<group>"; };
		34859B24284B086A001C42DC /* HomeView.swift */ = {isa = PBXFileReference; lastKnownFileType = sourcecode.swift; path = HomeView.swift; sourceTree = "<group>"; };
		34859B26284B0877001C42DC /* RequestsView.swift */ = {isa = PBXFileReference; lastKnownFileType = sourcecode.swift; path = RequestsView.swift; sourceTree = "<group>"; };
		34859B28284B0881001C42DC /* MatchedView.swift */ = {isa = PBXFileReference; lastKnownFileType = sourcecode.swift; path = MatchedView.swift; sourceTree = "<group>"; };
		34859B2A284B088C001C42DC /* ChatView.swift */ = {isa = PBXFileReference; lastKnownFileType = sourcecode.swift; path = ChatView.swift; sourceTree = "<group>"; };
		34859B2C284B0E52001C42DC /* UserProfileView.swift */ = {isa = PBXFileReference; lastKnownFileType = sourcecode.swift; path = UserProfileView.swift; sourceTree = "<group>"; };
		34DCD16A2853269C00BE60AF /* ImagePicker.swift */ = {isa = PBXFileReference; lastKnownFileType = sourcecode.swift; name = ImagePicker.swift; path = UniMentor/view/Components/ImagePicker.swift; sourceTree = SOURCE_ROOT; };
		CD1CDAA628643DF300BEC566 /* ProfileConfirmView.swift */ = {isa = PBXFileReference; lastKnownFileType = sourcecode.swift; path = ProfileConfirmView.swift; sourceTree = "<group>"; };
		CD26D8EB285D2B2200CA1AA6 /* ProfileView.swift */ = {isa = PBXFileReference; lastKnownFileType = sourcecode.swift; path = ProfileView.swift; sourceTree = "<group>"; };
		CD26D8ED285D37F800CA1AA6 /* ToggleStyle.swift */ = {isa = PBXFileReference; lastKnownFileType = sourcecode.swift; path = ToggleStyle.swift; sourceTree = "<group>"; };
		CD26D8EF285D3BE500CA1AA6 /* HomeCardView.swift */ = {isa = PBXFileReference; lastKnownFileType = sourcecode.swift; path = HomeCardView.swift; sourceTree = "<group>"; };
		CD26D8F1285D4F1700CA1AA6 /* MessageCardView.swift */ = {isa = PBXFileReference; lastKnownFileType = sourcecode.swift; path = MessageCardView.swift; sourceTree = "<group>"; };
		CD26D8F3285D5A7300CA1AA6 /* TestTabBarView.swift */ = {isa = PBXFileReference; lastKnownFileType = sourcecode.swift; path = TestTabBarView.swift; sourceTree = "<group>"; };
		CD442408285B178C00BCBD51 /* EditButtonView.swift */ = {isa = PBXFileReference; lastKnownFileType = sourcecode.swift; path = EditButtonView.swift; sourceTree = "<group>"; };
		CD86B7E2284B6ED70011F078 /* HomeProfileView.swift */ = {isa = PBXFileReference; lastKnownFileType = sourcecode.swift; path = HomeProfileView.swift; sourceTree = "<group>"; };
		CDD0FF5B284C3EA70045E1E4 /* ButtonCardView.swift */ = {isa = PBXFileReference; lastKnownFileType = sourcecode.swift; path = ButtonCardView.swift; sourceTree = "<group>"; };
		CDD0FF5D284C84FE0045E1E4 /* CardView.swift */ = {isa = PBXFileReference; lastKnownFileType = sourcecode.swift; path = CardView.swift; sourceTree = "<group>"; };
		CDD0FF5F284C89500045E1E4 /* MessageChatView.swift */ = {isa = PBXFileReference; lastKnownFileType = sourcecode.swift; path = MessageChatView.swift; sourceTree = "<group>"; };
		CDD9BC2F284E5418004797E0 /* EditProfileView.swift */ = {isa = PBXFileReference; lastKnownFileType = sourcecode.swift; path = EditProfileView.swift; sourceTree = "<group>"; };
		CDE10DE2284BE66C00A71B37 /* RequestsProfileView.swift */ = {isa = PBXFileReference; lastKnownFileType = sourcecode.swift; path = RequestsProfileView.swift; sourceTree = "<group>"; };
		CDE10DE4284BE9AB00A71B37 /* MatchedProfileView.swift */ = {isa = PBXFileReference; lastKnownFileType = sourcecode.swift; path = MatchedProfileView.swift; sourceTree = "<group>"; };
		CDE10DE6284BEA0F00A71B37 /* SmallButtonView.swift */ = {isa = PBXFileReference; lastKnownFileType = sourcecode.swift; path = SmallButtonView.swift; sourceTree = "<group>"; };
		CDFD8FCD2842FF3000E48A68 /* InputFieldView.swift */ = {isa = PBXFileReference; lastKnownFileType = sourcecode.swift; path = InputFieldView.swift; sourceTree = "<group>"; };
		CDFD8FCF2843007900E48A68 /* SignUpView.swift */ = {isa = PBXFileReference; lastKnownFileType = sourcecode.swift; path = SignUpView.swift; sourceTree = "<group>"; };
		CDFD8FD3284300F600E48A68 /* Parallelogram.swift */ = {isa = PBXFileReference; lastKnownFileType = sourcecode.swift; path = Parallelogram.swift; sourceTree = "<group>"; };
		CDFD8FD62843025700E48A68 /* Charm-Regular.ttf */ = {isa = PBXFileReference; lastKnownFileType = file; path = "Charm-Regular.ttf"; sourceTree = "<group>"; };
		CDFD8FD82843026700E48A68 /* Info.plist */ = {isa = PBXFileReference; lastKnownFileType = text.plist; path = Info.plist; sourceTree = "<group>"; };
		CDFD8FDB2843046600E48A68 /* ButtonView_2.swift */ = {isa = PBXFileReference; lastKnownFileType = sourcecode.swift; path = ButtonView_2.swift; sourceTree = "<group>"; };
		CDFD8FDD2843067A00E48A68 /* LoadingView.swift */ = {isa = PBXFileReference; lastKnownFileType = sourcecode.swift; path = LoadingView.swift; sourceTree = "<group>"; };
		CDFD8FDF284306EE00E48A68 /* ProfileInfoView.swift */ = {isa = PBXFileReference; lastKnownFileType = sourcecode.swift; path = ProfileInfoView.swift; sourceTree = "<group>"; };
		CDFD8FE1284308AC00E48A68 /* InputNoIconView.swift */ = {isa = PBXFileReference; lastKnownFileType = sourcecode.swift; path = InputNoIconView.swift; sourceTree = "<group>"; };
		E4A474BB285D914E006959D9 /* DatePickerView.swift */ = {isa = PBXFileReference; lastKnownFileType = sourcecode.swift; path = DatePickerView.swift; sourceTree = "<group>"; };
		E4A474BD285D9177006959D9 /* PasswordView.swift */ = {isa = PBXFileReference; lastKnownFileType = sourcecode.swift; path = PasswordView.swift; sourceTree = "<group>"; };
		E4DDE3FB283DC7CE0059CCEC /* LoginView.swift */ = {isa = PBXFileReference; lastKnownFileType = sourcecode.swift; path = LoginView.swift; sourceTree = "<group>"; };
		E4F30C242837535C006F424E /* UniMentor.app */ = {isa = PBXFileReference; explicitFileType = wrapper.application; includeInIndex = 0; path = UniMentor.app; sourceTree = BUILT_PRODUCTS_DIR; };
		E4F30C272837535C006F424E /* UniMentorApp.swift */ = {isa = PBXFileReference; lastKnownFileType = sourcecode.swift; path = UniMentorApp.swift; sourceTree = "<group>"; };
		E4F30C292837535C006F424E /* ContentView.swift */ = {isa = PBXFileReference; lastKnownFileType = sourcecode.swift; path = ContentView.swift; sourceTree = "<group>"; };
		E4F30C2B2837535D006F424E /* Assets.xcassets */ = {isa = PBXFileReference; lastKnownFileType = folder.assetcatalog; path = Assets.xcassets; sourceTree = "<group>"; };
		E4F30C2E2837535D006F424E /* Preview Assets.xcassets */ = {isa = PBXFileReference; lastKnownFileType = folder.assetcatalog; path = "Preview Assets.xcassets"; sourceTree = "<group>"; };
/* End PBXFileReference section */

/* Begin PBXFrameworksBuildPhase section */
		E4F30C212837535C006F424E /* Frameworks */ = {
			isa = PBXFrameworksBuildPhase;
			buildActionMask = 2147483647;
			files = (
			);
			runOnlyForDeploymentPostprocessing = 0;
		};
/* End PBXFrameworksBuildPhase section */

/* Begin PBXGroup section */
		CDFD8FD52843023E00E48A68 /* Fonts */ = {
			isa = PBXGroup;
			children = (
				CDFD8FD62843025700E48A68 /* Charm-Regular.ttf */,
			);
			path = Fonts;
			sourceTree = "<group>";
		};
		E4DDE3F6283DB6D90059CCEC /* View */ = {
			isa = PBXGroup;
			children = (
				E4DDE3FA283DC7BA0059CCEC /* Screens */,
				E4DDE3F7283DB7130059CCEC /* Components */,
			);
			path = View;
			sourceTree = "<group>";
		};
		E4DDE3F7283DB7130059CCEC /* Components */ = {
			isa = PBXGroup;
			children = (
				CDFD8FCD2842FF3000E48A68 /* InputFieldView.swift */,
				CDFD8FD3284300F600E48A68 /* Parallelogram.swift */,
				CDFD8FDB2843046600E48A68 /* ButtonView_2.swift */,
				CDFD8FE1284308AC00E48A68 /* InputNoIconView.swift */,
				CDE10DE6284BEA0F00A71B37 /* SmallButtonView.swift */,
				CDD0FF5B284C3EA70045E1E4 /* ButtonCardView.swift */,
				CDD0FF5D284C84FE0045E1E4 /* CardView.swift */,
				34DCD16A2853269C00BE60AF /* ImagePicker.swift */,
				CD442408285B178C00BCBD51 /* EditButtonView.swift */,
				CD26D8EB285D2B2200CA1AA6 /* ProfileView.swift */,
				CD26D8ED285D37F800CA1AA6 /* ToggleStyle.swift */,
				CD26D8EF285D3BE500CA1AA6 /* HomeCardView.swift */,
				CD26D8F1285D4F1700CA1AA6 /* MessageCardView.swift */,
				E4A474BB285D914E006959D9 /* DatePickerView.swift */,
				E4A474BD285D9177006959D9 /* PasswordView.swift */,
			);
			path = Components;
			sourceTree = "<group>";
		};
		E4DDE3FA283DC7BA0059CCEC /* Screens */ = {
			isa = PBXGroup;
			children = (
				E4DDE3FB283DC7CE0059CCEC /* LoginView.swift */,
				CDFD8FCF2843007900E48A68 /* SignUpView.swift */,
				CDFD8FDD2843067A00E48A68 /* LoadingView.swift */,
				CDFD8FDF284306EE00E48A68 /* ProfileInfoView.swift */,
				34859B22284B0778001C42DC /* TabBarView.swift */,
				34859B24284B086A001C42DC /* HomeView.swift */,
				34859B26284B0877001C42DC /* RequestsView.swift */,
				34859B28284B0881001C42DC /* MatchedView.swift */,
				34859B2C284B0E52001C42DC /* UserProfileView.swift */,
				34859B2A284B088C001C42DC /* ChatView.swift */,
				CD86B7E2284B6ED70011F078 /* HomeProfileView.swift */,
				CDE10DE2284BE66C00A71B37 /* RequestsProfileView.swift */,
				CDE10DE4284BE9AB00A71B37 /* MatchedProfileView.swift */,
				CDD0FF5F284C89500045E1E4 /* MessageChatView.swift */,
				CDD9BC2F284E5418004797E0 /* EditProfileView.swift */,
				CD26D8F3285D5A7300CA1AA6 /* TestTabBarView.swift */,
<<<<<<< HEAD
=======
				CD3740792863B6B2005BC18D /* UserProfileEditView.swift */,
				CD1CDAA628643DF300BEC566 /* ProfileConfirmView.swift */,
>>>>>>> 31d7c90159bd1855a69665e2c60d26d80c45fbb6
			);
			path = Screens;
			sourceTree = "<group>";
		};
		E4F30C1B2837535C006F424E = {
			isa = PBXGroup;
			children = (
				E4F30C262837535C006F424E /* UniMentor */,
				E4F30C252837535C006F424E /* Products */,
			);
			sourceTree = "<group>";
		};
		E4F30C252837535C006F424E /* Products */ = {
			isa = PBXGroup;
			children = (
				E4F30C242837535C006F424E /* UniMentor.app */,
			);
			name = Products;
			sourceTree = "<group>";
		};
		E4F30C262837535C006F424E /* UniMentor */ = {
			isa = PBXGroup;
			children = (
				CDFD8FD82843026700E48A68 /* Info.plist */,
				CDFD8FD52843023E00E48A68 /* Fonts */,
				E4DDE3F6283DB6D90059CCEC /* View */,
				E4F30C272837535C006F424E /* UniMentorApp.swift */,
				E4F30C292837535C006F424E /* ContentView.swift */,
				E4F30C2B2837535D006F424E /* Assets.xcassets */,
				E4F30C2D2837535D006F424E /* Preview Content */,
			);
			path = UniMentor;
			sourceTree = "<group>";
		};
		E4F30C2D2837535D006F424E /* Preview Content */ = {
			isa = PBXGroup;
			children = (
				E4F30C2E2837535D006F424E /* Preview Assets.xcassets */,
			);
			path = "Preview Content";
			sourceTree = "<group>";
		};
/* End PBXGroup section */

/* Begin PBXNativeTarget section */
		E4F30C232837535C006F424E /* UniMentor */ = {
			isa = PBXNativeTarget;
			buildConfigurationList = E4F30C322837535D006F424E /* Build configuration list for PBXNativeTarget "UniMentor" */;
			buildPhases = (
				E4F30C202837535C006F424E /* Sources */,
				E4F30C212837535C006F424E /* Frameworks */,
				E4F30C222837535C006F424E /* Resources */,
			);
			buildRules = (
			);
			dependencies = (
			);
			name = UniMentor;
			productName = UniMentor;
			productReference = E4F30C242837535C006F424E /* UniMentor.app */;
			productType = "com.apple.product-type.application";
		};
/* End PBXNativeTarget section */

/* Begin PBXProject section */
		E4F30C1C2837535C006F424E /* Project object */ = {
			isa = PBXProject;
			attributes = {
				BuildIndependentTargetsInParallel = 1;
				LastSwiftUpdateCheck = 1330;
				LastUpgradeCheck = 1330;
				TargetAttributes = {
					E4F30C232837535C006F424E = {
						CreatedOnToolsVersion = 13.3.1;
					};
				};
			};
			buildConfigurationList = E4F30C1F2837535C006F424E /* Build configuration list for PBXProject "UniMentor" */;
			compatibilityVersion = "Xcode 13.0";
			developmentRegion = en;
			hasScannedForEncodings = 0;
			knownRegions = (
				en,
				Base,
			);
			mainGroup = E4F30C1B2837535C006F424E;
			productRefGroup = E4F30C252837535C006F424E /* Products */;
			projectDirPath = "";
			projectRoot = "";
			targets = (
				E4F30C232837535C006F424E /* UniMentor */,
			);
		};
/* End PBXProject section */

/* Begin PBXResourcesBuildPhase section */
		E4F30C222837535C006F424E /* Resources */ = {
			isa = PBXResourcesBuildPhase;
			buildActionMask = 2147483647;
			files = (
				E4F30C2F2837535D006F424E /* Preview Assets.xcassets in Resources */,
				E4F30C2C2837535D006F424E /* Assets.xcassets in Resources */,
				CDFD8FD72843025700E48A68 /* Charm-Regular.ttf in Resources */,
			);
			runOnlyForDeploymentPostprocessing = 0;
		};
/* End PBXResourcesBuildPhase section */

/* Begin PBXSourcesBuildPhase section */
		E4F30C202837535C006F424E /* Sources */ = {
			isa = PBXSourcesBuildPhase;
			buildActionMask = 2147483647;
			files = (
				34859B2B284B088C001C42DC /* ChatView.swift in Sources */,
				CDFD8FE0284306EE00E48A68 /* ProfileInfoView.swift in Sources */,
				34DCD16B2853269C00BE60AF /* ImagePicker.swift in Sources */,
				CD442409285B178C00BCBD51 /* EditButtonView.swift in Sources */,
				CD26D8F0285D3BE500CA1AA6 /* HomeCardView.swift in Sources */,
				CD86B7E3284B6ED70011F078 /* HomeProfileView.swift in Sources */,
				CDFD8FD4284300F600E48A68 /* Parallelogram.swift in Sources */,
				34859B23284B0778001C42DC /* TabBarView.swift in Sources */,
				CDFD8FDE2843067A00E48A68 /* LoadingView.swift in Sources */,
				E4A474BC285D914E006959D9 /* DatePickerView.swift in Sources */,
				CDD0FF60284C89500045E1E4 /* MessageChatView.swift in Sources */,
				CDD9BC30284E5418004797E0 /* EditProfileView.swift in Sources */,
				34859B29284B0881001C42DC /* MatchedView.swift in Sources */,
				E4F30C2A2837535C006F424E /* ContentView.swift in Sources */,
				E4A474BE285D9177006959D9 /* PasswordView.swift in Sources */,
				CD26D8F2285D4F1700CA1AA6 /* MessageCardView.swift in Sources */,
				CDFD8FCE2842FF3000E48A68 /* InputFieldView.swift in Sources */,
				CDFD8FE2284308AC00E48A68 /* InputNoIconView.swift in Sources */,
				CDD0FF5C284C3EA70045E1E4 /* ButtonCardView.swift in Sources */,
				CD26D8EC285D2B2200CA1AA6 /* ProfileView.swift in Sources */,
				34859B2D284B0E52001C42DC /* UserProfileView.swift in Sources */,
				CDD0FF5E284C84FE0045E1E4 /* CardView.swift in Sources */,
				CDFD8FD02843007900E48A68 /* SignUpView.swift in Sources */,
				CD26D8F4285D5A7300CA1AA6 /* TestTabBarView.swift in Sources */,
				CDE10DE3284BE66C00A71B37 /* RequestsProfileView.swift in Sources */,
				CDFD8FDC2843046600E48A68 /* ButtonView_2.swift in Sources */,
				34859B25284B086A001C42DC /* HomeView.swift in Sources */,
				E4DDE3FC283DC7CE0059CCEC /* LoginView.swift in Sources */,
				CD26D8EE285D37F800CA1AA6 /* ToggleStyle.swift in Sources */,
				CDE10DE7284BEA0F00A71B37 /* SmallButtonView.swift in Sources */,
				E4F30C282837535C006F424E /* UniMentorApp.swift in Sources */,
<<<<<<< HEAD
=======
				CD1CDAA728643DF300BEC566 /* ProfileConfirmView.swift in Sources */,
				CD37407A2863B6B2005BC18D /* UserProfileEditView.swift in Sources */,
>>>>>>> 31d7c90159bd1855a69665e2c60d26d80c45fbb6
				CDE10DE5284BE9AB00A71B37 /* MatchedProfileView.swift in Sources */,
				34859B27284B0877001C42DC /* RequestsView.swift in Sources */,
			);
			runOnlyForDeploymentPostprocessing = 0;
		};
/* End PBXSourcesBuildPhase section */

/* Begin XCBuildConfiguration section */
		E4F30C302837535D006F424E /* Debug */ = {
			isa = XCBuildConfiguration;
			buildSettings = {
				ALWAYS_SEARCH_USER_PATHS = NO;
				CLANG_ANALYZER_NONNULL = YES;
				CLANG_ANALYZER_NUMBER_OBJECT_CONVERSION = YES_AGGRESSIVE;
				CLANG_CXX_LANGUAGE_STANDARD = "gnu++17";
				CLANG_ENABLE_MODULES = YES;
				CLANG_ENABLE_OBJC_ARC = YES;
				CLANG_ENABLE_OBJC_WEAK = YES;
				CLANG_WARN_BLOCK_CAPTURE_AUTORELEASING = YES;
				CLANG_WARN_BOOL_CONVERSION = YES;
				CLANG_WARN_COMMA = YES;
				CLANG_WARN_CONSTANT_CONVERSION = YES;
				CLANG_WARN_DEPRECATED_OBJC_IMPLEMENTATIONS = YES;
				CLANG_WARN_DIRECT_OBJC_ISA_USAGE = YES_ERROR;
				CLANG_WARN_DOCUMENTATION_COMMENTS = YES;
				CLANG_WARN_EMPTY_BODY = YES;
				CLANG_WARN_ENUM_CONVERSION = YES;
				CLANG_WARN_INFINITE_RECURSION = YES;
				CLANG_WARN_INT_CONVERSION = YES;
				CLANG_WARN_NON_LITERAL_NULL_CONVERSION = YES;
				CLANG_WARN_OBJC_IMPLICIT_RETAIN_SELF = YES;
				CLANG_WARN_OBJC_LITERAL_CONVERSION = YES;
				CLANG_WARN_OBJC_ROOT_CLASS = YES_ERROR;
				CLANG_WARN_QUOTED_INCLUDE_IN_FRAMEWORK_HEADER = YES;
				CLANG_WARN_RANGE_LOOP_ANALYSIS = YES;
				CLANG_WARN_STRICT_PROTOTYPES = YES;
				CLANG_WARN_SUSPICIOUS_MOVE = YES;
				CLANG_WARN_UNGUARDED_AVAILABILITY = YES_AGGRESSIVE;
				CLANG_WARN_UNREACHABLE_CODE = YES;
				CLANG_WARN__DUPLICATE_METHOD_MATCH = YES;
				COPY_PHASE_STRIP = NO;
				DEBUG_INFORMATION_FORMAT = dwarf;
				ENABLE_STRICT_OBJC_MSGSEND = YES;
				ENABLE_TESTABILITY = YES;
				GCC_C_LANGUAGE_STANDARD = gnu11;
				GCC_DYNAMIC_NO_PIC = NO;
				GCC_NO_COMMON_BLOCKS = YES;
				GCC_OPTIMIZATION_LEVEL = 0;
				GCC_PREPROCESSOR_DEFINITIONS = (
					"DEBUG=1",
					"$(inherited)",
				);
				GCC_WARN_64_TO_32_BIT_CONVERSION = YES;
				GCC_WARN_ABOUT_RETURN_TYPE = YES_ERROR;
				GCC_WARN_UNDECLARED_SELECTOR = YES;
				GCC_WARN_UNINITIALIZED_AUTOS = YES_AGGRESSIVE;
				GCC_WARN_UNUSED_FUNCTION = YES;
				GCC_WARN_UNUSED_VARIABLE = YES;
				IPHONEOS_DEPLOYMENT_TARGET = 15.4;
				MTL_ENABLE_DEBUG_INFO = INCLUDE_SOURCE;
				MTL_FAST_MATH = YES;
				ONLY_ACTIVE_ARCH = YES;
				SDKROOT = iphoneos;
				SWIFT_ACTIVE_COMPILATION_CONDITIONS = DEBUG;
				SWIFT_OPTIMIZATION_LEVEL = "-Onone";
			};
			name = Debug;
		};
		E4F30C312837535D006F424E /* Release */ = {
			isa = XCBuildConfiguration;
			buildSettings = {
				ALWAYS_SEARCH_USER_PATHS = NO;
				CLANG_ANALYZER_NONNULL = YES;
				CLANG_ANALYZER_NUMBER_OBJECT_CONVERSION = YES_AGGRESSIVE;
				CLANG_CXX_LANGUAGE_STANDARD = "gnu++17";
				CLANG_ENABLE_MODULES = YES;
				CLANG_ENABLE_OBJC_ARC = YES;
				CLANG_ENABLE_OBJC_WEAK = YES;
				CLANG_WARN_BLOCK_CAPTURE_AUTORELEASING = YES;
				CLANG_WARN_BOOL_CONVERSION = YES;
				CLANG_WARN_COMMA = YES;
				CLANG_WARN_CONSTANT_CONVERSION = YES;
				CLANG_WARN_DEPRECATED_OBJC_IMPLEMENTATIONS = YES;
				CLANG_WARN_DIRECT_OBJC_ISA_USAGE = YES_ERROR;
				CLANG_WARN_DOCUMENTATION_COMMENTS = YES;
				CLANG_WARN_EMPTY_BODY = YES;
				CLANG_WARN_ENUM_CONVERSION = YES;
				CLANG_WARN_INFINITE_RECURSION = YES;
				CLANG_WARN_INT_CONVERSION = YES;
				CLANG_WARN_NON_LITERAL_NULL_CONVERSION = YES;
				CLANG_WARN_OBJC_IMPLICIT_RETAIN_SELF = YES;
				CLANG_WARN_OBJC_LITERAL_CONVERSION = YES;
				CLANG_WARN_OBJC_ROOT_CLASS = YES_ERROR;
				CLANG_WARN_QUOTED_INCLUDE_IN_FRAMEWORK_HEADER = YES;
				CLANG_WARN_RANGE_LOOP_ANALYSIS = YES;
				CLANG_WARN_STRICT_PROTOTYPES = YES;
				CLANG_WARN_SUSPICIOUS_MOVE = YES;
				CLANG_WARN_UNGUARDED_AVAILABILITY = YES_AGGRESSIVE;
				CLANG_WARN_UNREACHABLE_CODE = YES;
				CLANG_WARN__DUPLICATE_METHOD_MATCH = YES;
				COPY_PHASE_STRIP = NO;
				DEBUG_INFORMATION_FORMAT = "dwarf-with-dsym";
				ENABLE_NS_ASSERTIONS = NO;
				ENABLE_STRICT_OBJC_MSGSEND = YES;
				GCC_C_LANGUAGE_STANDARD = gnu11;
				GCC_NO_COMMON_BLOCKS = YES;
				GCC_WARN_64_TO_32_BIT_CONVERSION = YES;
				GCC_WARN_ABOUT_RETURN_TYPE = YES_ERROR;
				GCC_WARN_UNDECLARED_SELECTOR = YES;
				GCC_WARN_UNINITIALIZED_AUTOS = YES_AGGRESSIVE;
				GCC_WARN_UNUSED_FUNCTION = YES;
				GCC_WARN_UNUSED_VARIABLE = YES;
				IPHONEOS_DEPLOYMENT_TARGET = 15.4;
				MTL_ENABLE_DEBUG_INFO = NO;
				MTL_FAST_MATH = YES;
				SDKROOT = iphoneos;
				SWIFT_COMPILATION_MODE = wholemodule;
				SWIFT_OPTIMIZATION_LEVEL = "-O";
				VALIDATE_PRODUCT = YES;
			};
			name = Release;
		};
		E4F30C332837535D006F424E /* Debug */ = {
			isa = XCBuildConfiguration;
			buildSettings = {
				ASSETCATALOG_COMPILER_APPICON_NAME = AppIcon;
				ASSETCATALOG_COMPILER_GLOBAL_ACCENT_COLOR_NAME = AccentColor;
				CODE_SIGN_STYLE = Automatic;
				CURRENT_PROJECT_VERSION = 1;
				DEVELOPMENT_ASSET_PATHS = "\"UniMentor/Preview Content\"";
				ENABLE_PREVIEWS = YES;
				GENERATE_INFOPLIST_FILE = YES;
				INFOPLIST_FILE = UniMentor/Info.plist;
				INFOPLIST_KEY_UIApplicationSceneManifest_Generation = YES;
				INFOPLIST_KEY_UIApplicationSupportsIndirectInputEvents = YES;
				INFOPLIST_KEY_UILaunchScreen_Generation = YES;
				INFOPLIST_KEY_UISupportedInterfaceOrientations_iPad = "UIInterfaceOrientationPortrait UIInterfaceOrientationPortraitUpsideDown UIInterfaceOrientationLandscapeLeft UIInterfaceOrientationLandscapeRight";
				INFOPLIST_KEY_UISupportedInterfaceOrientations_iPhone = "UIInterfaceOrientationPortrait UIInterfaceOrientationLandscapeLeft UIInterfaceOrientationLandscapeRight";
				LD_RUNPATH_SEARCH_PATHS = (
					"$(inherited)",
					"@executable_path/Frameworks",
				);
				MARKETING_VERSION = 1.0;
				PRODUCT_BUNDLE_IDENTIFIER = bluemango.UniMentor;
				PRODUCT_NAME = "$(TARGET_NAME)";
				SWIFT_EMIT_LOC_STRINGS = YES;
				SWIFT_VERSION = 5.0;
				TARGETED_DEVICE_FAMILY = "1,2";
			};
			name = Debug;
		};
		E4F30C342837535D006F424E /* Release */ = {
			isa = XCBuildConfiguration;
			buildSettings = {
				ASSETCATALOG_COMPILER_APPICON_NAME = AppIcon;
				ASSETCATALOG_COMPILER_GLOBAL_ACCENT_COLOR_NAME = AccentColor;
				CODE_SIGN_STYLE = Automatic;
				CURRENT_PROJECT_VERSION = 1;
				DEVELOPMENT_ASSET_PATHS = "\"UniMentor/Preview Content\"";
				ENABLE_PREVIEWS = YES;
				GENERATE_INFOPLIST_FILE = YES;
				INFOPLIST_FILE = UniMentor/Info.plist;
				INFOPLIST_KEY_UIApplicationSceneManifest_Generation = YES;
				INFOPLIST_KEY_UIApplicationSupportsIndirectInputEvents = YES;
				INFOPLIST_KEY_UILaunchScreen_Generation = YES;
				INFOPLIST_KEY_UISupportedInterfaceOrientations_iPad = "UIInterfaceOrientationPortrait UIInterfaceOrientationPortraitUpsideDown UIInterfaceOrientationLandscapeLeft UIInterfaceOrientationLandscapeRight";
				INFOPLIST_KEY_UISupportedInterfaceOrientations_iPhone = "UIInterfaceOrientationPortrait UIInterfaceOrientationLandscapeLeft UIInterfaceOrientationLandscapeRight";
				LD_RUNPATH_SEARCH_PATHS = (
					"$(inherited)",
					"@executable_path/Frameworks",
				);
				MARKETING_VERSION = 1.0;
				PRODUCT_BUNDLE_IDENTIFIER = bluemango.UniMentor;
				PRODUCT_NAME = "$(TARGET_NAME)";
				SWIFT_EMIT_LOC_STRINGS = YES;
				SWIFT_VERSION = 5.0;
				TARGETED_DEVICE_FAMILY = "1,2";
			};
			name = Release;
		};
/* End XCBuildConfiguration section */

/* Begin XCConfigurationList section */
		E4F30C1F2837535C006F424E /* Build configuration list for PBXProject "UniMentor" */ = {
			isa = XCConfigurationList;
			buildConfigurations = (
				E4F30C302837535D006F424E /* Debug */,
				E4F30C312837535D006F424E /* Release */,
			);
			defaultConfigurationIsVisible = 0;
			defaultConfigurationName = Release;
		};
		E4F30C322837535D006F424E /* Build configuration list for PBXNativeTarget "UniMentor" */ = {
			isa = XCConfigurationList;
			buildConfigurations = (
				E4F30C332837535D006F424E /* Debug */,
				E4F30C342837535D006F424E /* Release */,
			);
			defaultConfigurationIsVisible = 0;
			defaultConfigurationName = Release;
		};
/* End XCConfigurationList section */
	};
	rootObject = E4F30C1C2837535C006F424E /* Project object */;
}
